version = 1
revision = 3
requires-python = "==3.11.*"

[[package]]
name = "numpy"
version = "2.3.5"
source = { registry = "https://pypi.org/simple" }
sdist = { url = "https://files.pythonhosted.org/packages/76/65/21b3bc86aac7b8f2862db1e808f1ea22b028e30a225a34a5ede9bf8678f2/numpy-2.3.5.tar.gz", hash = "sha256:784db1dcdab56bf0517743e746dfb0f885fc68d948aba86eeec2cba234bdf1c0", size = 20584950, upload-time = "2025-11-16T22:52:42.067Z" }
wheels = [
    { url = "https://files.pythonhosted.org/packages/43/77/84dd1d2e34d7e2792a236ba180b5e8fcc1e3e414e761ce0253f63d7f572e/numpy-2.3.5-cp311-cp311-macosx_10_9_x86_64.whl", hash = "sha256:de5672f4a7b200c15a4127042170a694d4df43c992948f5e1af57f0174beed10", size = 17034641, upload-time = "2025-11-16T22:49:19.336Z" },
    { url = "https://files.pythonhosted.org/packages/2a/ea/25e26fa5837106cde46ae7d0b667e20f69cbbc0efd64cba8221411ab26ae/numpy-2.3.5-cp311-cp311-macosx_11_0_arm64.whl", hash = "sha256:acfd89508504a19ed06ef963ad544ec6664518c863436306153e13e94605c218", size = 12528324, upload-time = "2025-11-16T22:49:22.582Z" },
    { url = "https://files.pythonhosted.org/packages/4d/1a/e85f0eea4cf03d6a0228f5c0256b53f2df4bc794706e7df019fc622e47f1/numpy-2.3.5-cp311-cp311-macosx_14_0_arm64.whl", hash = "sha256:ffe22d2b05504f786c867c8395de703937f934272eb67586817b46188b4ded6d", size = 5356872, upload-time = "2025-11-16T22:49:25.408Z" },
    { url = "https://files.pythonhosted.org/packages/5c/bb/35ef04afd567f4c989c2060cde39211e4ac5357155c1833bcd1166055c61/numpy-2.3.5-cp311-cp311-macosx_14_0_x86_64.whl", hash = "sha256:872a5cf366aec6bb1147336480fef14c9164b154aeb6542327de4970282cd2f5", size = 6893148, upload-time = "2025-11-16T22:49:27.549Z" },
    { url = "https://files.pythonhosted.org/packages/f2/2b/05bbeb06e2dff5eab512dfc678b1cc5ee94d8ac5956a0885c64b6b26252b/numpy-2.3.5-cp311-cp311-manylinux_2_27_aarch64.manylinux_2_28_aarch64.whl", hash = "sha256:3095bdb8dd297e5920b010e96134ed91d852d81d490e787beca7e35ae1d89cf7", size = 14557282, upload-time = "2025-11-16T22:49:30.964Z" },
    { url = "https://files.pythonhosted.org/packages/65/fb/2b23769462b34398d9326081fad5655198fcf18966fcb1f1e49db44fbf31/numpy-2.3.5-cp311-cp311-manylinux_2_27_x86_64.manylinux_2_28_x86_64.whl", hash = "sha256:8cba086a43d54ca804ce711b2a940b16e452807acebe7852ff327f1ecd49b0d4", size = 16897903, upload-time = "2025-11-16T22:49:34.191Z" },
    { url = "https://files.pythonhosted.org/packages/ac/14/085f4cf05fc3f1e8aa95e85404e984ffca9b2275a5dc2b1aae18a67538b8/numpy-2.3.5-cp311-cp311-musllinux_1_2_aarch64.whl", hash = "sha256:6cf9b429b21df6b99f4dee7a1218b8b7ffbbe7df8764dc0bd60ce8a0708fed1e", size = 16341672, upload-time = "2025-11-16T22:49:37.2Z" },
    { url = "https://files.pythonhosted.org/packages/6f/3b/1f73994904142b2aa290449b3bb99772477b5fd94d787093e4f24f5af763/numpy-2.3.5-cp311-cp311-musllinux_1_2_x86_64.whl", hash = "sha256:396084a36abdb603546b119d96528c2f6263921c50df3c8fd7cb28873a237748", size = 18838896, upload-time = "2025-11-16T22:49:39.727Z" },
    { url = "https://files.pythonhosted.org/packages/cd/b9/cf6649b2124f288309ffc353070792caf42ad69047dcc60da85ee85fea58/numpy-2.3.5-cp311-cp311-win32.whl", hash = "sha256:b0c7088a73aef3d687c4deef8452a3ac7c1be4e29ed8bf3b366c8111128ac60c", size = 6563608, upload-time = "2025-11-16T22:49:42.079Z" },
    { url = "https://files.pythonhosted.org/packages/aa/44/9fe81ae1dcc29c531843852e2874080dc441338574ccc4306b39e2ff6e59/numpy-2.3.5-cp311-cp311-win_amd64.whl", hash = "sha256:a414504bef8945eae5f2d7cb7be2d4af77c5d1cb5e20b296c2c25b61dff2900c", size = 13078442, upload-time = "2025-11-16T22:49:43.99Z" },
    { url = "https://files.pythonhosted.org/packages/6d/a7/f99a41553d2da82a20a2f22e93c94f928e4490bb447c9ff3c4ff230581d3/numpy-2.3.5-cp311-cp311-win_arm64.whl", hash = "sha256:0cd00b7b36e35398fa2d16af7b907b65304ef8bb4817a550e06e5012929830fa", size = 10458555, upload-time = "2025-11-16T22:49:47.092Z" },
    { url = "https://files.pythonhosted.org/packages/c6/65/f9dea8e109371ade9c782b4e4756a82edf9d3366bca495d84d79859a0b79/numpy-2.3.5-pp311-pypy311_pp73-macosx_10_15_x86_64.whl", hash = "sha256:f0963b55cdd70fad460fa4c1341f12f976bb26cb66021a5580329bd498988310", size = 16910689, upload-time = "2025-11-16T22:52:23.247Z" },
    { url = "https://files.pythonhosted.org/packages/00/4f/edb00032a8fb92ec0a679d3830368355da91a69cab6f3e9c21b64d0bb986/numpy-2.3.5-pp311-pypy311_pp73-macosx_11_0_arm64.whl", hash = "sha256:f4255143f5160d0de972d28c8f9665d882b5f61309d8362fdd3e103cf7bf010c", size = 12457053, upload-time = "2025-11-16T22:52:26.367Z" },
    { url = "https://files.pythonhosted.org/packages/16/a4/e8a53b5abd500a63836a29ebe145fc1ab1f2eefe1cfe59276020373ae0aa/numpy-2.3.5-pp311-pypy311_pp73-macosx_14_0_arm64.whl", hash = "sha256:a4b9159734b326535f4dd01d947f919c6eefd2d9827466a696c44ced82dfbc18", size = 5285635, upload-time = "2025-11-16T22:52:29.266Z" },
    { url = "https://files.pythonhosted.org/packages/a3/2f/37eeb9014d9c8b3e9c55bc599c68263ca44fdbc12a93e45a21d1d56df737/numpy-2.3.5-pp311-pypy311_pp73-macosx_14_0_x86_64.whl", hash = "sha256:2feae0d2c91d46e59fcd62784a3a83b3fb677fead592ce51b5a6fbb4f95965ff", size = 6801770, upload-time = "2025-11-16T22:52:31.421Z" },
    { url = "https://files.pythonhosted.org/packages/7d/e4/68d2f474df2cb671b2b6c2986a02e520671295647dad82484cde80ca427b/numpy-2.3.5-pp311-pypy311_pp73-manylinux_2_27_aarch64.manylinux_2_28_aarch64.whl", hash = "sha256:ffac52f28a7849ad7576293c0cb7b9f08304e8f7d738a8cb8a90ec4c55a998eb", size = 14391768, upload-time = "2025-11-16T22:52:33.593Z" },
    { url = "https://files.pythonhosted.org/packages/b8/50/94ccd8a2b141cb50651fddd4f6a48874acb3c91c8f0842b08a6afc4b0b21/numpy-2.3.5-pp311-pypy311_pp73-manylinux_2_27_x86_64.manylinux_2_28_x86_64.whl", hash = "sha256:63c0e9e7eea69588479ebf4a8a270d5ac22763cc5854e9a7eae952a3908103f7", size = 16729263, upload-time = "2025-11-16T22:52:36.369Z" },
    { url = "https://files.pythonhosted.org/packages/2d/ee/346fa473e666fe14c52fcdd19ec2424157290a032d4c41f98127bfb31ac7/numpy-2.3.5-pp311-pypy311_pp73-win_amd64.whl", hash = "sha256:f16417ec91f12f814b10bafe79ef77e70113a2f5f7018640e7425ff979253425", size = 12967213, upload-time = "2025-11-16T22:52:39.38Z" },
]

[[package]]
name = "packaging"
version = "26.2"
source = { registry = "https://pypi.org/simple" }
sdist = { url = "https://files.pythonhosted.org/packages/d7/f1/e7a6dd94a8d4a5626c03e4e99c87f241ba9e350cd9e6d75123f992427270/packaging-26.2.tar.gz", hash = "sha256:ff452ff5a3e828ce110190feff1178bb1f2ea2281fa2075aadb987c2fb221661", size = 228134, upload-time = "2026-04-24T20:15:23.917Z" }
wheels = [
    { url = "https://files.pythonhosted.org/packages/df/b2/87e62e8c3e2f4b32e5fe99e0b86d576da1312593b39f47d8ceef365e95ed/packaging-26.2-py3-none-any.whl", hash = "sha256:5fc45236b9446107ff2415ce77c807cee2862cb6fac22b8a73826d0693b0980e", size = 100195, upload-time = "2026-04-24T20:15:22.081Z" },
]

[[package]]
name = "pocketworld-compression-commercial-candidates"
version = "0.1.0"
source = { virtual = "." }
dependencies = [
    { name = "numpy" },
    { name = "pyarrow" },
    { name = "tiledb" },
]

[package.metadata]
requires-dist = [
    { name = "numpy", specifier = "==2.3.5" },
    { name = "pyarrow", specifier = "==25.0.0" },
    { name = "tiledb", specifier = "==0.36.1" },
]

[[package]]
name = "pyarrow"
version = "25.0.0"
source = { registry = "https://pypi.org/simple" }
sdist = { url = "https://files.pythonhosted.org/packages/27/f3/95428098d1fa7d04432fb750eed06b41304c2f6a5d3319985e64db2d9d41/pyarrow-25.0.0.tar.gz", hash = "sha256:d2d697008b5ec06d75952ef260c2e9a8a0f6ccfce24266c04c9c8ade927cb3b4", size = 1199181, upload-time = "2026-07-10T08:29:50.116Z" }
wheels = [
    { url = "https://files.pythonhosted.org/packages/a7/98/ae2b5acf9876dbeffa6f320776242c52caab062df55c8ac5501ed2679e74/pyarrow-25.0.0-cp311-cp311-macosx_12_0_arm64.whl", hash = "sha256:2e3b6544e26e393fe2cd530f523e36c1c8d3c345bbbb60cca3fd866be8322517", size = 35939080, upload-time = "2026-07-10T08:26:04.53Z" },
    { url = "https://files.pythonhosted.org/packages/80/09/3de2a968edbd496c86cb8b932cdbee2d4b08c4a28e9884a15e5c705a646b/pyarrow-25.0.0-cp311-cp311-macosx_12_0_x86_64.whl", hash = "sha256:b724d127783b4c19f088fcdfc844cbc318809246a30307bcabd5ed02045e890e", size = 37633420, upload-time = "2026-07-10T08:26:10.354Z" },
    { url = "https://files.pythonhosted.org/packages/19/86/8399243a4ce080426ec37db18d5e29148b7ec960a8a8c7f9059a7bf6ef0a/pyarrow-25.0.0-cp311-cp311-manylinux_2_28_aarch64.whl", hash = "sha256:244f98a595f70fa4fd35faa7508c4ae67e14a173397a4b3b49d2b3c360fb0062", size = 46861050, upload-time = "2026-07-10T08:26:16.397Z" },
    { url = "https://files.pythonhosted.org/packages/7b/79/72d704b02bc5fc6d06954d76a0208c1e79cad3ab370f6d6a91ffe5078870/pyarrow-25.0.0-cp311-cp311-manylinux_2_28_x86_64.whl", hash = "sha256:0222f0071d13313962a88d21bf28b80d355ac39d81bfa6ff3fe00eeaf748e4be", size = 50056458, upload-time = "2026-07-10T08:26:23.271Z" },
    { url = "https://files.pythonhosted.org/packages/06/5d/3c31a60b6403d63cad2e0f829096f5fc5763a129ead4207a5d4690b96448/pyarrow-25.0.0-cp311-cp311-musllinux_1_2_aarch64.whl", hash = "sha256:b58726f118c079f9d4ed7e904975d4f15fd69d0741ba511a4e2dcaa4ef16354f", size = 49957793, upload-time = "2026-07-10T08:26:30.232Z" },
    { url = "https://files.pythonhosted.org/packages/34/f7/8f8a019061f9863a831915329264372a87ed25eaf9109ce56eb0e84012c5/pyarrow-25.0.0-cp311-cp311-musllinux_1_2_x86_64.whl", hash = "sha256:38a2c887cb3883e241b70201688db34133b6dfadd04f03c8f9213df53770c18e", size = 53100544, upload-time = "2026-07-10T08:26:36.414Z" },
    { url = "https://files.pythonhosted.org/packages/f1/e2/738071e95c5ddad7b3dfc12f569ffa992db89d7d7b4a95258fd184191249/pyarrow-25.0.0-cp311-cp311-win_amd64.whl", hash = "sha256:161649d60a7a46c613a19fd795763ea8a88c36ba997dd99d9bc66e6794ee36e8", size = 27848311, upload-time = "2026-07-10T08:26:41.429Z" },
]

[[package]]
name = "tiledb"
version = "0.36.1"
source = { registry = "https://pypi.org/simple" }
dependencies = [
    { name = "numpy" },
    { name = "packaging" },
]
sdist = { url = "https://files.pythonhosted.org/packages/cd/e0/e0dd6b387b7d07c8b514409a966ed0dae3ef16bd6f4511a076a8e3f9223e/tiledb-0.36.1.tar.gz", hash = "sha256:f7e1088e277efb8bf868842698b7c2e0c5cc4ad9bb24eb0efd6bb1a499832f40", size = 391417, upload-time = "2026-02-25T19:07:39.224Z" }
wheels = [
    { url = "https://files.pythonhosted.org/packages/e2/56/3c6684386ff40021ef8a5dfe3fb2c7e526755727ef99c367c09d573308f9/tiledb-0.36.1-cp311-cp311-macosx_11_0_arm64.whl", hash = "sha256:c83a535a4e79a7f073cfe7d4b100efdb108ae1e11e426ee7f4f264d749943990", size = 12998975, upload-time = "2026-02-25T19:06:38.15Z" },
    { url = "https://files.pythonhosted.org/packages/4e/9d/53e4974b604322509a2b95af20e21fffdedeb7742be4f4301714ee0d1b77/tiledb-0.36.1-cp311-cp311-macosx_11_0_x86_64.whl", hash = "sha256:b14b026533f6489f7c7deddee09898f1ebdbc373cc995b8cfd663f620ec32723", size = 14328557, upload-time = "2026-02-25T19:06:40.179Z" },
    { url = "https://files.pythonhosted.org/packages/3d/6e/236bf571d42566c3604263f32241a82f286361c74bf4b710be64ff2ebd35/tiledb-0.36.1-cp311-cp311-manylinux_2_28_aarch64.whl", hash = "sha256:2624e9849432073fc3ca2ddf5877043c6afb58633a5cea12957cf52934cb5720", size = 17180850, upload-time = "2026-02-25T19:06:43.929Z" },
    { url = "https://files.pythonhosted.org/packages/e4/bd/afa19b23612595c0cafb5df00d6e1b941b5db45967b79c6de0d12dc16f32/tiledb-0.36.1-cp311-cp311-manylinux_2_28_x86_64.whl", hash = "sha256:28031477d62b74ded0123559f02f784913bb440bc4d739c0d2de8334a372015b", size = 18700373, upload-time = "2026-02-25T19:06:46.273Z" },
    { url = "https://files.pythonhosted.org/packages/f4/34/cf83f2cdfc1a4c651053a4ab9232c3a66c05d252bcf3fd4a58d27fcbef93/tiledb-0.36.1-cp311-cp311-win_amd64.whl", hash = "sha256:4904e7c9c81c01842228ed89a3f40d1f93d3818140bd4e3e3091f7e94f80f486", size = 7652230, upload-time = "2026-02-25T19:06:49.15Z" },
]
