// !$*UTF8*$!
{
	archiveVersion = 1;
	classes = {
	};
	objectVersion = 77;
	objects = {

/* Begin PBXBuildFile section */
		0F8FED5BFCA07C1F44C495C7 /* desc44.u8 in Resources */ = {isa = PBXBuildFile; fileRef = E8A9954239BE91ED4DA3145D /* desc44.u8 */; };
		6358AE4AED8771DF8DBFC3A2 /* matches43_44.u32 in Resources */ = {isa = PBXBuildFile; fileRef = 457A66349F6DA73C89F390D3 /* matches43_44.u32 */; };
		896DA7D473295CE51257A3FE /* pwsfm_gpu_match.mm in Sources */ = {isa = PBXBuildFile; fileRef = B2B43D23E1A8509DE984C02E /* pwsfm_gpu_match.mm */; };
		A3BB8974D86EE60651F9E77E /* AppDelegate.mm in Sources */ = {isa = PBXBuildFile; fileRef = 042248F3E36FBC1F81C7E570 /* AppDelegate.mm */; };
		BB716CEDBC8B3CF7812F2F70 /* main.m in Sources */ = {isa = PBXBuildFile; fileRef = F9FA72FD93D379E374365FFC /* main.m */; };
		C7C2679ED3AB37755567C6CA /* fixture_manifest.json in Resources */ = {isa = PBXBuildFile; fileRef = 1BD6B331906C2A49A75084FE /* fixture_manifest.json */; };
		E8CB1B4686ED99BC7CDD2085 /* desc43.u8 in Resources */ = {isa = PBXBuildFile; fileRef = 994C369B90F85995A20EC9D5 /* desc43.u8 */; };
		EA9606ACBC5796E2EE9138A0 /* Metal.framework in Frameworks */ = {isa = PBXBuildFile; fileRef = 5B3DC0DA6982ACB16437B590 /* Metal.framework */; };
/* End PBXBuildFile section */

/* Begin PBXFileReference section */
		042248F3E36FBC1F81C7E570 /* AppDelegate.mm */ = {isa = PBXFileReference; lastKnownFileType = sourcecode.cpp.objcpp; path = AppDelegate.mm; sourceTree = "<group>"; };
		1BD6B331906C2A49A75084FE /* fixture_manifest.json */ = {isa = PBXFileReference; lastKnownFileType = text.json; path = fixture_manifest.json; sourceTree = "<group>"; };
		457A66349F6DA73C89F390D3 /* matches43_44.u32 */ = {isa = PBXFileReference; path = matches43_44.u32; sourceTree = "<group>"; };
		5B3DC0DA6982ACB16437B590 /* Metal.framework */ = {isa = PBXFileReference; lastKnownFileType = wrapper.framework; name = Metal.framework; path = System/Library/Frameworks/Metal.framework; sourceTree = SDKROOT; };
		994C369B90F85995A20EC9D5 /* desc43.u8 */ = {isa = PBXFileReference; path = desc43.u8; sourceTree = "<group>"; };
		B2B43D23E1A8509DE984C02E /* pwsfm_gpu_match.mm */ = {isa = PBXFileReference; lastKnownFileType = sourcecode.cpp.objcpp; path = pwsfm_gpu_match.mm; sourceTree = "<group>"; };
		B8DF21FCDD0D0953B6E9DABB /* AppDelegate.h */ = {isa = PBXFileReference; lastKnownFileType = sourcecode.c.h; path = AppDelegate.h; sourceTree = "<group>"; };
		E8A9954239BE91ED4DA3145D /* desc44.u8 */ = {isa = PBXFileReference; path = desc44.u8; sourceTree = "<group>"; };
		E939342FA3E7CF55857E059B /* Info.plist */ = {isa = PBXFileReference; lastKnownFileType = text.plist; path = Info.plist; sourceTree = "<group>"; };
		F902234871E18E9F2C021C88 /* PWMatchBench.app */ = {isa = PBXFileReference; includeInIndex = 0; lastKnownFileType = wrapper.application; path = PWMatchBench.app; sourceTree = BUILT_PRODUCTS_DIR; };
		F9FA72FD93D379E374365FFC /* main.m */ = {isa = PBXFileReference; lastKnownFileType = sourcecode.c.objc; path = main.m; sourceTree = "<group>"; };
/* End PBXFileReference section */

/* Begin PBXFrameworksBuildPhase section */
		18F62F6E0C473AD6D7302351 /* Frameworks */ = {
			isa = PBXFrameworksBuildPhase;
			buildActionMask = 2147483647;
			files = (
				EA9606ACBC5796E2EE9138A0 /* Metal.framework in Frameworks */,
			);
			runOnlyForDeploymentPostprocessing = 0;
		};
/* End PBXFrameworksBuildPhase section */

/* Begin PBXGroup section */
		374D357BBF43C7E2FE67234E /* Frameworks */ = {
			isa = PBXGroup;
			children = (
				5B3DC0DA6982ACB16437B590 /* Metal.framework */,
			);
			name = Frameworks;
			sourceTree = "<group>";
		};
		413B0AAA66F41EEC07B3FE73 /* Sources */ = {
			isa = PBXGroup;
			children = (
				B8DF21FCDD0D0953B6E9DABB /* AppDelegate.h */,
				042248F3E36FBC1F81C7E570 /* AppDelegate.mm */,
				E939342FA3E7CF55857E059B /* Info.plist */,
				F9FA72FD93D379E374365FFC /* main.m */,
			);
			path = Sources;
			sourceTree = "<group>";
		};
		6445F482C370B9AE52014AB9 /* Products */ = {
			isa = PBXGroup;
			children = (
				F902234871E18E9F2C021C88 /* PWMatchBench.app */,
			);
			name = Products;
			sourceTree = "<group>";
		};
		92E5B9AB7EE54ADC67CC9D39 /* src */ = {
			isa = PBXGroup;
			children = (
				B2B43D23E1A8509DE984C02E /* pwsfm_gpu_match.mm */,
			);
			name = src;
			path = ../../vendor/aether_ffi/src;
			sourceTree = "<group>";
		};
		A9738DFAE387FE35F073E947 /* Resources */ = {
			isa = PBXGroup;
			children = (
				994C369B90F85995A20EC9D5 /* desc43.u8 */,
				E8A9954239BE91ED4DA3145D /* desc44.u8 */,
				1BD6B331906C2A49A75084FE /* fixture_manifest.json */,
				457A66349F6DA73C89F390D3 /* matches43_44.u32 */,
			);
			path = Resources;
			sourceTree = "<group>";
		};
		E9C4FF19B9D83D604C555102 = {
			isa = PBXGroup;
			children = (
				A9738DFAE387FE35F073E947 /* Resources */,
				413B0AAA66F41EEC07B3FE73 /* Sources */,
				92E5B9AB7EE54ADC67CC9D39 /* src */,
				374D357BBF43C7E2FE67234E /* Frameworks */,
				6445F482C370B9AE52014AB9 /* Products */,
			);
			sourceTree = "<group>";
		};
/* End PBXGroup section */

/* Begin PBXNativeTarget section */
		F7E5AB34843FB1BEC200F286 /* PWMatchBench */ = {
			isa = PBXNativeTarget;
			buildConfigurationList = 96FCB73C32301011BB0C0D59 /* Build configuration list for PBXNativeTarget "PWMatchBench" */;
			buildPhases = (
				81EF901CF45C056668CDC741 /* Sources */,
				48117CF947C78CA04F92142D /* Resources */,
				18F62F6E0C473AD6D7302351 /* Frameworks */,
			);
			buildRules = (
			);
			dependencies = (
			);
			name = PWMatchBench;
			packageProductDependencies = (
			);
			productName = PWMatchBench;
			productReference = F902234871E18E9F2C021C88 /* PWMatchBench.app */;
			productType = "com.apple.product-type.application";
		};
/* End PBXNativeTarget section */

/* Begin PBXProject section */
		94F1722950042712741AC4DC /* Project object */ = {
			isa = PBXProject;
			attributes = {
				BuildIndependentTargetsInParallel = YES;
				LastUpgradeCheck = 1430;
				TargetAttributes = {
					F7E5AB34843FB1BEC200F286 = {
						DevelopmentTeam = 26AH7V448L;
						ProvisioningStyle = Automatic;
					};
				};
			};
			buildConfigurationList = 4846DAF5D9853A7658C27867 /* Build configuration list for PBXProject "PWMatchBench" */;
			compatibilityVersion = "Xcode 14.0";
			developmentRegion = en;
			hasScannedForEncodings = 0;
			knownRegions = (
				Base,
				en,
			);
			mainGroup = E9C4FF19B9D83D604C555102;
			minimizedProjectReferenceProxies = 1;
			preferredProjectObjectVersion = 77;
			projectDirPath = "";
			projectRoot = "";
			targets = (
				F7E5AB34843FB1BEC200F286 /* PWMatchBench */,
			);
		};
/* End PBXProject section */

/* Begin PBXResourcesBuildPhase section */
		48117CF947C78CA04F92142D /* Resources */ = {
			isa = PBXResourcesBuildPhase;
			buildActionMask = 2147483647;
			files = (
				E8CB1B4686ED99BC7CDD2085 /* desc43.u8 in Resources */,
				0F8FED5BFCA07C1F44C495C7 /* desc44.u8 in Resources */,
				C7C2679ED3AB37755567C6CA /* fixture_manifest.json in Resources */,
				6358AE4AED8771DF8DBFC3A2 /* matches43_44.u32 in Resources */,
			);
			runOnlyForDeploymentPostprocessing = 0;
		};
/* End PBXResourcesBuildPhase section */

/* Begin PBXSourcesBuildPhase section */
		81EF901CF45C056668CDC741 /* Sources */ = {
			isa = PBXSourcesBuildPhase;
			buildActionMask = 2147483647;
			files = (
				A3BB8974D86EE60651F9E77E /* AppDelegate.mm in Sources */,
				BB716CEDBC8B3CF7812F2F70 /* main.m in Sources */,
				896DA7D473295CE51257A3FE /* pwsfm_gpu_match.mm in Sources */,
			);
			runOnlyForDeploymentPostprocessing = 0;
		};
/* End PBXSourcesBuildPhase section */

/* Begin XCBuildConfiguration section */
		27ADC03473ECAEF505DAC019 /* Profile */ = {
			isa = XCBuildConfiguration;
			buildSettings = {
				ASSETCATALOG_COMPILER_APPICON_NAME = AppIcon;
				CLANG_CXX_LANGUAGE_STANDARD = "c++17";
				CLANG_CXX_LIBRARY = "libc++";
				CODE_SIGN_IDENTITY = "iPhone Developer";
				CODE_SIGN_STYLE = Automatic;
				COPY_PHASE_STRIP = YES;
				DEBUG_INFORMATION_FORMAT = "dwarf-with-dsym";
				DEVELOPMENT_TEAM = 26AH7V448L;
				ENABLE_BITCODE = NO;
				GCC_PREPROCESSOR_DEFINITIONS = (
					"$(inherited)",
					"NDEBUG=1",
				);
				INFOPLIST_FILE = Sources/Info.plist;
				IPHONEOS_DEPLOYMENT_TARGET = 16.0;
				LD_RUNPATH_SEARCH_PATHS = (
					"$(inherited)",
					"@executable_path/Frameworks",
				);
				PRODUCT_BUNDLE_IDENTIFIER = com.kyle.PocketWorld.MatchBench;
				PRODUCT_NAME = PWMatchBench;
				SDKROOT = iphoneos;
				TARGETED_DEVICE_FAMILY = 1;
			};
			name = Profile;
		};
		4D1C183F09BAF5B13649C487 /* Release */ = {
			isa = XCBuildConfiguration;
			buildSettings = {
				ASSETCATALOG_COMPILER_APPICON_NAME = AppIcon;
				CLANG_CXX_LANGUAGE_STANDARD = "c++17";
				CLANG_CXX_LIBRARY = "libc++";
				CODE_SIGN_IDENTITY = "iPhone Developer";
				CODE_SIGN_STYLE = Automatic;
				DEVELOPMENT_TEAM = 26AH7V448L;
				ENABLE_BITCODE = NO;
				INFOPLIST_FILE = Sources/Info.plist;
				IPHONEOS_DEPLOYMENT_TARGET = 16.0;
				LD_RUNPATH_SEARCH_PATHS = (
					"$(inherited)",
					"@executable_path/Frameworks",
				);
				PRODUCT_BUNDLE_IDENTIFIER = com.kyle.PocketWorld.MatchBench;
				PRODUCT_NAME = PWMatchBench;
				SDKROOT = iphoneos;
				TARGETED_DEVICE_FAMILY = 1;
			};
			name = Release;
		};
		9C89C55A6FD4CA5360BDCF59 /* Release */ = {
			isa = XCBuildConfiguration;
			buildSettings = {
				ALWAYS_SEARCH_USER_PATHS = NO;
				CLANG_ANALYZER_NONNULL = YES;
				CLANG_ANALYZER_NUMBER_OBJECT_CONVERSION = YES_AGGRESSIVE;
				CLANG_CXX_LANGUAGE_STANDARD = "gnu++14";
				CLANG_CXX_LIBRARY = "libc++";
				CLANG_ENABLE_MODULES = YES;
				CLANG_ENABLE_OBJC_ARC = YES;
				CLANG_ENABLE_OBJC_WEAK = YES;
				CLANG_WARN_BLOCK_CAPTURE_AUTORELEASING = YES;
				CLANG_WARN_BOOL_CONVERSION = YES;
				CLANG_WARN_COMMA = YES;
				CLANG_WARN_CONSTANT_CONVERSION = YES;
				CLANG_WARN_DEPRECATED_OBJC_IMPLEMENTATIONS = YES;
				CLANG_WARN_DIRECT_OBJC_ISA_USAGE = YES_ERROR;
				CLANG_WARN_DOCUMENTATION_COMMENTS = YES;
				CLANG_WARN_EMPTY_BODY = YES;
				CLANG_WARN_ENUM_CONVERSION = YES;
				CLANG_WARN_INFINITE_RECURSION = YES;
				CLANG_WARN_INT_CONVERSION = YES;
				CLANG_WARN_NON_LITERAL_NULL_CONVERSION = YES;
				CLANG_WARN_OBJC_IMPLICIT_RETAIN_SELF = YES;
				CLANG_WARN_OBJC_LITERAL_CONVERSION = YES;
				CLANG_WARN_OBJC_ROOT_CLASS = YES_ERROR;
				CLANG_WARN_QUOTED_INCLUDE_IN_FRAMEWORK_HEADER = YES;
				CLANG_WARN_RANGE_LOOP_ANALYSIS = YES;
				CLANG_WARN_STRICT_PROTOTYPES = YES;
				CLANG_WARN_SUSPICIOUS_MOVE = YES;
				CLANG_WARN_UNGUARDED_AVAILABILITY = YES_AGGRESSIVE;
				CLANG_WARN_UNREACHABLE_CODE = YES;
				CLANG_WARN__DUPLICATE_METHOD_MATCH = YES;
				COPY_PHASE_STRIP = NO;
				DEBUG_INFORMATION_FORMAT = "dwarf-with-dsym";
				ENABLE_NS_ASSERTIONS = NO;
				ENABLE_STRICT_OBJC_MSGSEND = YES;
				GCC_C_LANGUAGE_STANDARD = gnu11;
				GCC_NO_COMMON_BLOCKS = YES;
				GCC_WARN_64_TO_32_BIT_CONVERSION = YES;
				GCC_WARN_ABOUT_RETURN_TYPE = YES_ERROR;
				GCC_WARN_UNDECLARED_SELECTOR = YES;
				GCC_WARN_UNINITIALIZED_AUTOS = YES_AGGRESSIVE;
				GCC_WARN_UNUSED_FUNCTION = YES;
				GCC_WARN_UNUSED_VARIABLE = YES;
				IPHONEOS_DEPLOYMENT_TARGET = 16.0;
				MTL_ENABLE_DEBUG_INFO = NO;
				MTL_FAST_MATH = YES;
				PRODUCT_NAME = "$(TARGET_NAME)";
				SDKROOT = iphoneos;
				SWIFT_COMPILATION_MODE = wholemodule;
				SWIFT_OPTIMIZATION_LEVEL = "-O";
				SWIFT_VERSION = 5.0;
			};
			name = Release;
		};
		B11018BD2169F187F5EF0CC2 /* Debug */ = {
			isa = XCBuildConfiguration;
			buildSettings = {
				ALWAYS_SEARCH_USER_PATHS = NO;
				CLANG_ANALYZER_NONNULL = YES;
				CLANG_ANALYZER_NUMBER_OBJECT_CONVERSION = YES_AGGRESSIVE;
				CLANG_CXX_LANGUAGE_STANDARD = "gnu++14";
				CLANG_CXX_LIBRARY = "libc++";
				CLANG_ENABLE_MODULES = YES;
				CLANG_ENABLE_OBJC_ARC = YES;
				CLANG_ENABLE_OBJC_WEAK = YES;
				CLANG_WARN_BLOCK_CAPTURE_AUTORELEASING = YES;
				CLANG_WARN_BOOL_CONVERSION = YES;
				CLANG_WARN_COMMA = YES;
				CLANG_WARN_CONSTANT_CONVERSION = YES;
				CLANG_WARN_DEPRECATED_OBJC_IMPLEMENTATIONS = YES;
				CLANG_WARN_DIRECT_OBJC_ISA_USAGE = YES_ERROR;
				CLANG_WARN_DOCUMENTATION_COMMENTS = YES;
				CLANG_WARN_EMPTY_BODY = YES;
				CLANG_WARN_ENUM_CONVERSION = YES;
				CLANG_WARN_INFINITE_RECURSION = YES;
				CLANG_WARN_INT_CONVERSION = YES;
				CLANG_WARN_NON_LITERAL_NULL_CONVERSION = YES;
				CLANG_WARN_OBJC_IMPLICIT_RETAIN_SELF = YES;
				CLANG_WARN_OBJC_LITERAL_CONVERSION = YES;
				CLANG_WARN_OBJC_ROOT_CLASS = YES_ERROR;
				CLANG_WARN_QUOTED_INCLUDE_IN_FRAMEWORK_HEADER = YES;
				CLANG_WARN_RANGE_LOOP_ANALYSIS = YES;
				CLANG_WARN_STRICT_PROTOTYPES = YES;
				CLANG_WARN_SUSPICIOUS_MOVE = YES;
				CLANG_WARN_UNGUARDED_AVAILABILITY = YES_AGGRESSIVE;
				CLANG_WARN_UNREACHABLE_CODE = YES;
				CLANG_WARN__DUPLICATE_METHOD_MATCH = YES;
				COPY_PHASE_STRIP = NO;
				DEBUG_INFORMATION_FORMAT = dwarf;
				ENABLE_STRICT_OBJC_MSGSEND = YES;
				ENABLE_TESTABILITY = YES;
				GCC_C_LANGUAGE_STANDARD = gnu11;
				GCC_DYNAMIC_NO_PIC = NO;
				GCC_NO_COMMON_BLOCKS = YES;
				GCC_OPTIMIZATION_LEVEL = 0;
				GCC_PREPROCESSOR_DEFINITIONS = (
					"$(inherited)",
					"DEBUG=1",
				);
				GCC_WARN_64_TO_32_BIT_CONVERSION = YES;
				GCC_WARN_ABOUT_RETURN_TYPE = YES_ERROR;
				GCC_WARN_UNDECLARED_SELECTOR = YES;
				GCC_WARN_UNINITIALIZED_AUTOS = YES_AGGRESSIVE;
				GCC_WARN_UNUSED_FUNCTION = YES;
				GCC_WARN_UNUSED_VARIABLE = YES;
				IPHONEOS_DEPLOYMENT_TARGET = 16.0;
				MTL_ENABLE_DEBUG_INFO = INCLUDE_SOURCE;
				MTL_FAST_MATH = YES;
				ONLY_ACTIVE_ARCH = YES;
				PRODUCT_NAME = "$(TARGET_NAME)";
				SDKROOT = iphoneos;
				SWIFT_ACTIVE_COMPILATION_CONDITIONS = DEBUG;
				SWIFT_OPTIMIZATION_LEVEL = "-Onone";
				SWIFT_VERSION = 5.0;
			};
			name = Debug;
		};
		BA13D0BE72D1AF2B5848BDFB /* Profile */ = {
			isa = XCBuildConfiguration;
			buildSettings = {
				ALWAYS_SEARCH_USER_PATHS = NO;
				CLANG_ANALYZER_NONNULL = YES;
				CLANG_ANALYZER_NUMBER_OBJECT_CONVERSION = YES_AGGRESSIVE;
				CLANG_CXX_LANGUAGE_STANDARD = "gnu++14";
				CLANG_CXX_LIBRARY = "libc++";
				CLANG_ENABLE_MODULES = YES;
				CLANG_ENABLE_OBJC_ARC = YES;
				CLANG_ENABLE_OBJC_WEAK = YES;
				CLANG_WARN_BLOCK_CAPTURE_AUTORELEASING = YES;
				CLANG_WARN_BOOL_CONVERSION = YES;
				CLANG_WARN_COMMA = YES;
				CLANG_WARN_CONSTANT_CONVERSION = YES;
				CLANG_WARN_DEPRECATED_OBJC_IMPLEMENTATIONS = YES;
				CLANG_WARN_DIRECT_OBJC_ISA_USAGE = YES_ERROR;
				CLANG_WARN_DOCUMENTATION_COMMENTS = YES;
				CLANG_WARN_EMPTY_BODY = YES;
				CLANG_WARN_ENUM_CONVERSION = YES;
				CLANG_WARN_INFINITE_RECURSION = YES;
				CLANG_WARN_INT_CONVERSION = YES;
				CLANG_WARN_NON_LITERAL_NULL_CONVERSION = YES;
				CLANG_WARN_OBJC_IMPLICIT_RETAIN_SELF = YES;
				CLANG_WARN_OBJC_LITERAL_CONVERSION = YES;
				CLANG_WARN_OBJC_ROOT_CLASS = YES_ERROR;
				CLANG_WARN_QUOTED_INCLUDE_IN_FRAMEWORK_HEADER = YES;
				CLANG_WARN_RANGE_LOOP_ANALYSIS = YES;
				CLANG_WARN_STRICT_PROTOTYPES = YES;
				CLANG_WARN_SUSPICIOUS_MOVE = YES;
				CLANG_WARN_UNGUARDED_AVAILABILITY = YES_AGGRESSIVE;
				CLANG_WARN_UNREACHABLE_CODE = YES;
				CLANG_WARN__DUPLICATE_METHOD_MATCH = YES;
				COPY_PHASE_STRIP = NO;
				DEBUG_INFORMATION_FORMAT = "dwarf-with-dsym";
				ENABLE_NS_ASSERTIONS = NO;
				ENABLE_STRICT_OBJC_MSGSEND = YES;
				GCC_C_LANGUAGE_STANDARD = gnu11;
				GCC_NO_COMMON_BLOCKS = YES;
				GCC_WARN_64_TO_32_BIT_CONVERSION = YES;
				GCC_WARN_ABOUT_RETURN_TYPE = YES_ERROR;
				GCC_WARN_UNDECLARED_SELECTOR = YES;
				GCC_WARN_UNINITIALIZED_AUTOS = YES_AGGRESSIVE;
				GCC_WARN_UNUSED_FUNCTION = YES;
				GCC_WARN_UNUSED_VARIABLE = YES;
				IPHONEOS_DEPLOYMENT_TARGET = 16.0;
				MTL_ENABLE_DEBUG_INFO = NO;
				MTL_FAST_MATH = YES;
				PRODUCT_NAME = "$(TARGET_NAME)";
				SDKROOT = iphoneos;
				SWIFT_COMPILATION_MODE = wholemodule;
				SWIFT_OPTIMIZATION_LEVEL = "-O";
				SWIFT_VERSION = 5.0;
			};
			name = Profile;
		};
		F6A4C452232A63F4B57D7AA7 /* Debug */ = {
			isa = XCBuildConfiguration;
			buildSettings = {
				ASSETCATALOG_COMPILER_APPICON_NAME = AppIcon;
				CLANG_CXX_LANGUAGE_STANDARD = "c++17";
				CLANG_CXX_LIBRARY = "libc++";
				CODE_SIGN_IDENTITY = "iPhone Developer";
				CODE_SIGN_STYLE = Automatic;
				DEVELOPMENT_TEAM = 26AH7V448L;
				ENABLE_BITCODE = NO;
				INFOPLIST_FILE = Sources/Info.plist;
				IPHONEOS_DEPLOYMENT_TARGET = 16.0;
				LD_RUNPATH_SEARCH_PATHS = (
					"$(inherited)",
					"@executable_path/Frameworks",
				);
				PRODUCT_BUNDLE_IDENTIFIER = com.kyle.PocketWorld.MatchBench;
				PRODUCT_NAME = PWMatchBench;
				SDKROOT = iphoneos;
				TARGETED_DEVICE_FAMILY = 1;
			};
			name = Debug;
		};
/* End XCBuildConfiguration section */

/* Begin XCConfigurationList section */
		4846DAF5D9853A7658C27867 /* Build configuration list for PBXProject "PWMatchBench" */ = {
			isa = XCConfigurationList;
			buildConfigurations = (
				B11018BD2169F187F5EF0CC2 /* Debug */,
				BA13D0BE72D1AF2B5848BDFB /* Profile */,
				9C89C55A6FD4CA5360BDCF59 /* Release */,
			);
			defaultConfigurationIsVisible = 0;
			defaultConfigurationName = Debug;
		};
		96FCB73C32301011BB0C0D59 /* Build configuration list for PBXNativeTarget "PWMatchBench" */ = {
			isa = XCConfigurationList;
			buildConfigurations = (
				F6A4C452232A63F4B57D7AA7 /* Debug */,
				27ADC03473ECAEF505DAC019 /* Profile */,
				4D1C183F09BAF5B13649C487 /* Release */,
			);
			defaultConfigurationIsVisible = 0;
			defaultConfigurationName = Debug;
		};
/* End XCConfigurationList section */
	};
	rootObject = 94F1722950042712741AC4DC /* Project object */;
}
