PODS:
  - aether3d_ffi (0.1.1)
  - app_links (7.0.0):
    - Flutter
  - background_downloader (0.0.1):
    - Flutter
  - camera_avfoundation (0.0.1):
    - Flutter
  - Flutter (1.0.0)
  - flutter_secure_storage_darwin (10.0.0):
    - Flutter
    - FlutterMacOS
  - integration_test (0.0.1):
    - Flutter
  - libwebp (1.5.0):
    - libwebp/demux (= 1.5.0)
    - libwebp/mux (= 1.5.0)
    - libwebp/sharpyuv (= 1.5.0)
    - libwebp/webp (= 1.5.0)
  - libwebp/demux (1.5.0):
    - libwebp/webp
  - libwebp/mux (1.5.0):
    - libwebp/demux
  - libwebp/sharpyuv (1.5.0)
  - libwebp/webp (1.5.0):
    - libwebp/sharpyuv
  - official_sfm (1.0.0)
  - onnxruntime (0.0.1):
    - Flutter
    - onnxruntime-objc (= 1.15.1)
  - onnxruntime-c (1.15.1)
  - onnxruntime-objc (1.15.1):
    - onnxruntime-objc/Core (= 1.15.1)
  - onnxruntime-objc/Core (1.15.1):
    - onnxruntime-c (= 1.15.1)
  - path_provider_foundation (0.0.1):
    - Flutter
    - FlutterMacOS
  - pw_hevc (0.1.0)
  - sensors_plus (0.0.1):
    - Flutter
  - shared_preferences_foundation (0.0.1):
    - Flutter
    - FlutterMacOS
  - thermion_flutter (0.0.1):
    - Flutter
  - url_launcher_ios (0.0.1):
    - Flutter
  - video_thumbnail (0.0.1):
    - Flutter
    - libwebp

DEPENDENCIES:
  - aether3d_ffi (from `../vendor/aether_ffi`)
  - app_links (from `.symlinks/plugins/app_links/ios`)
  - background_downloader (from `.symlinks/plugins/background_downloader/ios`)
  - camera_avfoundation (from `.symlinks/plugins/camera_avfoundation/ios`)
  - Flutter (from `Flutter`)
  - flutter_secure_storage_darwin (from `.symlinks/plugins/flutter_secure_storage_darwin/darwin`)
  - integration_test (from `.symlinks/plugins/integration_test/ios`)
  - official_sfm (from `../vendor/official_sfm`)
  - onnxruntime (from `.symlinks/plugins/onnxruntime/ios`)
  - path_provider_foundation (from `.symlinks/plugins/path_provider_foundation/darwin`)
  - pw_hevc (from `.symlinks/plugins/pw_hevc/ios`)
  - sensors_plus (from `.symlinks/plugins/sensors_plus/ios`)
  - shared_preferences_foundation (from `.symlinks/plugins/shared_preferences_foundation/darwin`)
  - thermion_flutter (from `.symlinks/plugins/thermion_flutter/ios`)
  - url_launcher_ios (from `.symlinks/plugins/url_launcher_ios/ios`)
  - video_thumbnail (from `.symlinks/plugins/video_thumbnail/ios`)

SPEC REPOS:
  trunk:
    - libwebp
    - onnxruntime-c
    - onnxruntime-objc

EXTERNAL SOURCES:
  aether3d_ffi:
    :path: "../vendor/aether_ffi"
  app_links:
    :path: ".symlinks/plugins/app_links/ios"
  background_downloader:
    :path: ".symlinks/plugins/background_downloader/ios"
  camera_avfoundation:
    :path: ".symlinks/plugins/camera_avfoundation/ios"
  Flutter:
    :path: Flutter
  flutter_secure_storage_darwin:
    :path: ".symlinks/plugins/flutter_secure_storage_darwin/darwin"
  integration_test:
    :path: ".symlinks/plugins/integration_test/ios"
  official_sfm:
    :path: "../vendor/official_sfm"
  onnxruntime:
    :path: ".symlinks/plugins/onnxruntime/ios"
  path_provider_foundation:
    :path: ".symlinks/plugins/path_provider_foundation/darwin"
  pw_hevc:
    :path: ".symlinks/plugins/pw_hevc/ios"
  sensors_plus:
    :path: ".symlinks/plugins/sensors_plus/ios"
  shared_preferences_foundation:
    :path: ".symlinks/plugins/shared_preferences_foundation/darwin"
  thermion_flutter:
    :path: ".symlinks/plugins/thermion_flutter/ios"
  url_launcher_ios:
    :path: ".symlinks/plugins/url_launcher_ios/ios"
  video_thumbnail:
    :path: ".symlinks/plugins/video_thumbnail/ios"

SPEC CHECKSUMS:
  aether3d_ffi: f446811a035c1ced5db8bab4118f32feb86e6a9a
  app_links: a754cbec3c255bd4bbb4d236ecc06f28cd9a7ce8
  background_downloader: 50e91d979067b82081aba359d7d916b3ba5fadad
  camera_avfoundation: 968a9a5323c79a99c166ad9d7866bfd2047b5a9b
  Flutter: 71a624a5bc0c04062bf19101d501e466baf2fb47
  flutter_secure_storage_darwin: acdb3f316ed05a3e68f856e0353b133eec373a23
  integration_test: 4a889634ef21a45d28d50d622cf412dc6d9f586e
  libwebp: 02b23773aedb6ff1fd38cec7a77b81414c6842a8
  official_sfm: 024ac4ba028901b63c34a672400dcd0667324c19
  onnxruntime: 2ab1957eb029c71d47f7bb35cc4efc9f0d297828
  onnxruntime-c: ebdcfd8650bcbd10121c125262f99dea681b92a3
  onnxruntime-objc: ae7acec7a3d03eaf072d340afed7a35635c1c2a6
  path_provider_foundation: bb55f6dbba17d0dccd6737fe6f7f34fbd0376880
  pw_hevc: 6cf584f7f2897a0b2051b3225c3d217ffe6b78dd
  sensors_plus: 6a11ed0c2e1d0bd0b20b4029d3bad27d96e0c65b
  shared_preferences_foundation: 7036424c3d8ec98dfe75ff1667cb0cd531ec82bb
  thermion_flutter: d0c4adbb1de69e5ecc244d70bbde81d8497246b2
  url_launcher_ios: 7a95fa5b60cc718a708b8f2966718e93db0cef1b
  video_thumbnail: b637e0ad5f588ca9945f6e2c927f73a69a661140

PODFILE CHECKSUM: 93ec8e20c7a8d976dcf0ef689f3f0c993903644f

COCOAPODS: 1.16.2
